{
  "version": "3",
  "packages": {
    "specifiers": {
      "jsr:@std/assert@^0.226.0": "jsr:@std/assert@0.226.0",
      "jsr:@std/media-types": "jsr:@std/media-types@1.0.1",
      "jsr:@std/path": "jsr:@std/path@0.225.2"
    },
    "jsr": {
      "@std/assert@0.226.0": {
        "integrity": "0dfb5f7c7723c18cec118e080fec76ce15b4c31154b15ad2bd74822603ef75b3"
      },
      "@std/media-types@1.0.1": {
        "integrity": "f2ddc3497be0bd87ac0c9b9b26bb454f76bdc45e1b9a12146af47fab3ba2828c"
      },
      "@std/path@0.225.2": {
        "integrity": "0f2db41d36b50ef048dcb0399aac720a5348638dd3cb5bf80685bf2a745aa506",
        "dependencies": [
          "jsr:@std/assert@^0.226.0"
        ]
      }
    }
  },
  "remote": {
    "https://deno.land/std@0.134.0/_util/assert.ts": "e94f2eb37cebd7f199952e242c77654e43333c1ac4c5c700e929ea3aa5489f74",
    "https://deno.land/std@0.134.0/_util/os.ts": "49b92edea1e82ba295ec946de8ffd956ed123e2948d9bd1d3e901b04e4307617",
    "https://deno.land/std@0.134.0/path/_constants.ts": "df1db3ffa6dd6d1252cc9617e5d72165cd2483df90e93833e13580687b6083c3",
    "https://deno.land/std@0.134.0/path/_interface.ts": "ee3b431a336b80cf445441109d089b70d87d5e248f4f90ff906820889ecf8d09",
    "https://deno.land/std@0.134.0/path/_util.ts": "c1e9686d0164e29f7d880b2158971d805b6e0efc3110d0b3e24e4b8af2190d2b",
    "https://deno.land/std@0.134.0/path/common.ts": "bee563630abd2d97f99d83c96c2fa0cca7cee103e8cb4e7699ec4d5db7bd2633",
    "https://deno.land/std@0.134.0/path/glob.ts": "cb5255638de1048973c3e69e420c77dc04f75755524cb3b2e160fe9277d939ee",
    "https://deno.land/std@0.134.0/path/mod.ts": "4275129bb766f0e475ecc5246aa35689eeade419d72a48355203f31802640be7",
    "https://deno.land/std@0.134.0/path/posix.ts": "663e4a6fe30a145f56aa41a22d95114c4c5582d8b57d2d7c9ed27ad2c47636bb",
    "https://deno.land/std@0.134.0/path/separator.ts": "fe1816cb765a8068afb3e8f13ad272351c85cbc739af56dacfc7d93d710fe0f9",
    "https://deno.land/std@0.134.0/path/win32.ts": "e7bdf63e8d9982b4d8a01ef5689425c93310ece950e517476e22af10f41a136e",
    "https://deno.land/std@0.224.0/dotenv/mod.ts": "0180eaeedaaf88647318811cdaa418cc64dc51fb08354f91f5f480d0a1309f7d",
    "https://deno.land/std@0.224.0/dotenv/parse.ts": "09977ff88dfd1f24f9973a338f0f91bbdb9307eb5ff6085446e7c423e4c7ba0c",
    "https://deno.land/std@0.224.0/dotenv/stringify.ts": "275da322c409170160440836342eaa7cf012a1d11a7e700d8ca4e7f2f8aa4615",
    "https://deno.land/std@0.224.0/encoding/_util.ts": "beacef316c1255da9bc8e95afb1fa56ed69baef919c88dc06ae6cb7a6103d376",
    "https://deno.land/std@0.224.0/encoding/base64.ts": "dd59695391584c8ffc5a296ba82bcdba6dd8a84d41a6a539fbee8e5075286eaf",
    "https://deno.land/std@0.89.0/_util/assert.ts": "2f868145a042a11d5ad0a3c748dcf580add8a0dbc0e876eaa0026303a5488f58",
    "https://deno.land/std@0.89.0/async/deferred.ts": "f89ed49ba5e1dd0227c6bd5b23f017be46c3f92e4f0338dda08ff5aa54b9f6c9",
    "https://deno.land/std@0.89.0/async/delay.ts": "9de1d8d07d1927767ab7f82434b883f3d8294fb19cad819691a2ad81a728cf3d",
    "https://deno.land/std@0.89.0/async/mod.ts": "253b41c658d768613eacfb11caa0a9ca7148442f932018a45576f7f27554c853",
    "https://deno.land/std@0.89.0/async/mux_async_iterator.ts": "b9091909db04cdb0af6f7807677372f64c1488de6c4bd86004511b064bf230d6",
    "https://deno.land/std@0.89.0/async/pool.ts": "876f9e6815366cd017a3b4fbb9e9ae40310b1b6972f1bd541c94358bc11fb7e5",
    "https://deno.land/std@0.89.0/bytes/mod.ts": "1ae1ccfe98c4b979f12b015982c7444f81fcb921bea7aa215bf37d84f46e1e13",
    "https://deno.land/std@0.89.0/http/_io.ts": "bd10a19358d2aedfb8a6dbc3de66d13465892d3a166d34e8c3dc4b052d4bd74e",
    "https://deno.land/std@0.89.0/http/http_status.ts": "ebaa9bebfb8adc3d7b20c49e11037e4eefd79629ad80d81383933f4cdc91b3eb",
    "https://deno.land/std@0.89.0/http/server.ts": "f659848d91447aee699e46d4a5e547215349827fef2c918fcdf52228213c184a",
    "https://deno.land/std@0.89.0/io/bufio.ts": "60d292248c8b32b3d8d13a4336b0c381b2dce5b9c9b50a4930205dea87eaf456",
    "https://deno.land/std@0.89.0/textproto/mod.ts": "b2fc94c3b670d897bf393b0b36f4669fdf65d00aab869954fb09e208383d97b1",
    "https://deno.land/x/multiparser@v2.1.0/deps.ts": "9c78ef0708b0831255b4357d2d615ee2040d1cb7080dcefa33926eacef4e61ac",
    "https://deno.land/x/multiparser@v2.1.0/lib/multiParserV2.ts": "a8a38ba0b5d8f395dc865a6589b5a932d349376f35bef5ed21a7d60645236c34",
    "https://deno.land/x/multiparser@v2.1.0/mod.ts": "1c83991a80f9f25b9876a726e96aedc02f09e72da280fcd74ddf1dbc105acfc6",
    "https://deno.land/x/os_paths@v7.4.0/dist/esm/lib/OSPaths.js": "db4f5f05765a1c862e7b1e0f0c293fc752e94e213eabff19f3c03af9b2164f98",
    "https://deno.land/x/os_paths@v7.4.0/src/mod.deno.ts": "5e34d7c1a033665276a1a06e3957a52218bf4711a801f38cf92978aacfad5666",
    "https://deno.land/x/os_paths@v7.4.0/src/platform-adapters/_base.ts": "ca9adf679709824e070631921932620ab4dc2a39fff9706f95592d1620e34dc6",
    "https://deno.land/x/os_paths@v7.4.0/src/platform-adapters/deno.deno.ts": "d184d709522bf2703dc12ff335eb6a10d758a3a5dd4d97524d2aef9d3d448c13"
  },
  "workspace": {
    "packageJson": {
      "dependencies": [
        "npm:@tensorflow/tfjs@^4.20.0",
        "npm:@types/filesystem@^0.0.36",
        "npm:@types/node@^20.14.4",
        "npm:@types/sortablejs@^1.15.8",
        "npm:@types/wicg-file-system-access@^2023.10.5",
        "npm:assemblyscript@^0.27.29",
        "npm:autoprefixer@^10.4.17",
        "npm:daisyui@^4.6.0",
        "npm:face-api.js@^0.22.2",
        "npm:idb-keyval@^6.2.1",
        "npm:jsdom@^24.1.0",
        "npm:jszip@^3.10.1",
        "npm:postcss-load-config@^5.0.2",
        "npm:postcss@^8.4.33",
        "npm:sortablejs@^1.15.2",
        "npm:tailwindcss@^3.4.1",
        "npm:tippy.js@^6.3.7",
        "npm:vite-plugin-externalize-dependencies@^0.13.0",
        "npm:vite-plugin-node-polyfills@^0.19.0",
        "npm:vite-tsconfig-paths@^4.3.2",
        "npm:vite@^5.3.4"
      ]
    }
  }
}
